
Microsoft Visual Studio Solution File, Format Version 12.00
# Visual Studio Version 17
VisualStudioVersion = 17.11.35312.102
MinimumVisualStudioVersion = 10.0.40219.1
Project("{FAE04EC0-301F-11D3-BF4B-00C04F79EFBC}") = "Aula 24 - Conectar ao SSMS", "Aula 24 - Conectar ao SSMS.csproj", "{A616CC07-E523-4A6F-9182-E51F360D8A1C}"
EndProject
Global
	GlobalSection(SolutionConfigurationPlatforms) = preSolution
		Debug|Any CPU = Debug|Any CPU
		Release|Any CPU = Release|Any CPU
	EndGlobalSection
	GlobalSection(ProjectConfigurationPlatforms) = postSolution
		{A616CC07-E523-4A6F-9182-E51F360D8A1C}.Debug|Any CPU.ActiveCfg = Debug|Any CPU
		{A616CC07-E523-4A6F-9182-E51F360D8A1C}.Debug|Any CPU.Build.0 = Debug|Any CPU
		{A616CC07-E523-4A6F-9182-E51F360D8A1C}.Release|Any CPU.ActiveCfg = Release|Any CPU
		{A616CC07-E523-4A6F-9182-E51F360D8A1C}.Release|Any CPU.Build.0 = Release|Any CPU
	EndGlobalSection
	GlobalSection(SolutionProperties) = preSolution
		HideSolutionNode = FALSE
	EndGlobalSection
	GlobalSection(ExtensibilityGlobals) = postSolution
		SolutionGuid = {2928E2D0-E09D-43DB-A591-9E3B3D385FB7}
	EndGlobalSection
EndGlobal
