
Microsoft Visual Studio Solution File, Format Version 12.00
# Visual Studio Version 17
VisualStudioVersion = 17.11.35312.102
MinimumVisualStudioVersion = 10.0.40219.1
Project("{FAE04EC0-301F-11D3-BF4B-00C04F79EFBC}") = "Aula 5 - Pilares", "Aula 5 - Pilares.csproj", "{616F1EB1-4D56-436B-9981-307D56002BEA}"
EndProject
Global
	GlobalSection(SolutionConfigurationPlatforms) = preSolution
		Debug|Any CPU = Debug|Any CPU
		Release|Any CPU = Release|Any CPU
	EndGlobalSection
	GlobalSection(ProjectConfigurationPlatforms) = postSolution
		{616F1EB1-4D56-436B-9981-307D56002BEA}.Debug|Any CPU.ActiveCfg = Debug|Any CPU
		{616F1EB1-4D56-436B-9981-307D56002BEA}.Debug|Any CPU.Build.0 = Debug|Any CPU
		{616F1EB1-4D56-436B-9981-307D56002BEA}.Release|Any CPU.ActiveCfg = Release|Any CPU
		{616F1EB1-4D56-436B-9981-307D56002BEA}.Release|Any CPU.Build.0 = Release|Any CPU
	EndGlobalSection
	GlobalSection(SolutionProperties) = preSolution
		HideSolutionNode = FALSE
	EndGlobalSection
	GlobalSection(ExtensibilityGlobals) = postSolution
		SolutionGuid = {5AF84C16-19CB-40CF-9FB5-7FF504F4AAAC}
	EndGlobalSection
EndGlobal
