
Microsoft Visual Studio Solution File, Format Version 12.00
# Visual Studio Version 17
VisualStudioVersion = 17.11.35312.102
MinimumVisualStudioVersion = 10.0.40219.1
Project("{FAE04EC0-301F-11D3-BF4B-00C04F79EFBC}") = "Aula 6 - Pilares_POO", "Aula 6 - Pilares_POO.csproj", "{68545A3E-335D-4817-BA59-44CE974CC5D9}"
EndProject
Global
	GlobalSection(SolutionConfigurationPlatforms) = preSolution
		Debug|Any CPU = Debug|Any CPU
		Release|Any CPU = Release|Any CPU
	EndGlobalSection
	GlobalSection(ProjectConfigurationPlatforms) = postSolution
		{68545A3E-335D-4817-BA59-44CE974CC5D9}.Debug|Any CPU.ActiveCfg = Debug|Any CPU
		{68545A3E-335D-4817-BA59-44CE974CC5D9}.Debug|Any CPU.Build.0 = Debug|Any CPU
		{68545A3E-335D-4817-BA59-44CE974CC5D9}.Release|Any CPU.ActiveCfg = Release|Any CPU
		{68545A3E-335D-4817-BA59-44CE974CC5D9}.Release|Any CPU.Build.0 = Release|Any CPU
	EndGlobalSection
	GlobalSection(SolutionProperties) = preSolution
		HideSolutionNode = FALSE
	EndGlobalSection
	GlobalSection(ExtensibilityGlobals) = postSolution
		SolutionGuid = {BE43EED3-55B5-4F91-88DA-6BC6F1CB3B36}
	EndGlobalSection
EndGlobal
