
Microsoft Visual Studio Solution File, Format Version 12.00
# Visual Studio Version 17
VisualStudioVersion = 17.11.35312.102
MinimumVisualStudioVersion = 10.0.40219.1
Project("{FAE04EC0-301F-11D3-BF4B-00C04F79EFBC}") = "Aula 4 - Classes", "Aula 4 - Classes.csproj", "{277ADB36-0CC8-4FEA-8960-971E6486383E}"
EndProject
Global
	GlobalSection(SolutionConfigurationPlatforms) = preSolution
		Debug|Any CPU = Debug|Any CPU
		Release|Any CPU = Release|Any CPU
	EndGlobalSection
	GlobalSection(ProjectConfigurationPlatforms) = postSolution
		{277ADB36-0CC8-4FEA-8960-971E6486383E}.Debug|Any CPU.ActiveCfg = Debug|Any CPU
		{277ADB36-0CC8-4FEA-8960-971E6486383E}.Debug|Any CPU.Build.0 = Debug|Any CPU
		{277ADB36-0CC8-4FEA-8960-971E6486383E}.Release|Any CPU.ActiveCfg = Release|Any CPU
		{277ADB36-0CC8-4FEA-8960-971E6486383E}.Release|Any CPU.Build.0 = Release|Any CPU
	EndGlobalSection
	GlobalSection(SolutionProperties) = preSolution
		HideSolutionNode = FALSE
	EndGlobalSection
	GlobalSection(ExtensibilityGlobals) = postSolution
		SolutionGuid = {4BC73336-4DED-4023-B99B-2083AA710255}
	EndGlobalSection
EndGlobal
