
Microsoft Visual Studio Solution File, Format Version 12.00
# Visual Studio Version 17
VisualStudioVersion = 17.11.35312.102
MinimumVisualStudioVersion = 10.0.40219.1
Project("{FAE04EC0-301F-11D3-BF4B-00C04F79EFBC}") = "Aula 25 - Testes Unitarios II", "Aula 25 - Testes Unitarios II.csproj", "{F877B4D2-5548-4341-A4DD-39637905FA1D}"
EndProject
Global
	GlobalSection(SolutionConfigurationPlatforms) = preSolution
		Debug|Any CPU = Debug|Any CPU
		Release|Any CPU = Release|Any CPU
	EndGlobalSection
	GlobalSection(ProjectConfigurationPlatforms) = postSolution
		{F877B4D2-5548-4341-A4DD-39637905FA1D}.Debug|Any CPU.ActiveCfg = Debug|Any CPU
		{F877B4D2-5548-4341-A4DD-39637905FA1D}.Debug|Any CPU.Build.0 = Debug|Any CPU
		{F877B4D2-5548-4341-A4DD-39637905FA1D}.Release|Any CPU.ActiveCfg = Release|Any CPU
		{F877B4D2-5548-4341-A4DD-39637905FA1D}.Release|Any CPU.Build.0 = Release|Any CPU
	EndGlobalSection
	GlobalSection(SolutionProperties) = preSolution
		HideSolutionNode = FALSE
	EndGlobalSection
	GlobalSection(ExtensibilityGlobals) = postSolution
		SolutionGuid = {9FCBFD8B-C50C-446C-A185-2976E7C617EC}
	EndGlobalSection
EndGlobal
