
Microsoft Visual Studio Solution File, Format Version 12.00
# Visual Studio Version 17
VisualStudioVersion = 17.11.35312.102
MinimumVisualStudioVersion = 10.0.40219.1
Project("{FAE04EC0-301F-11D3-BF4B-00C04F79EFBC}") = "Aula 13 - Aplicacao Norma CLS", "Aula 13 - Aplicacao Norma CLS.csproj", "{D0F0462A-4381-464A-A1E6-53A933E2E95D}"
EndProject
Global
	GlobalSection(SolutionConfigurationPlatforms) = preSolution
		Debug|Any CPU = Debug|Any CPU
		Release|Any CPU = Release|Any CPU
	EndGlobalSection
	GlobalSection(ProjectConfigurationPlatforms) = postSolution
		{D0F0462A-4381-464A-A1E6-53A933E2E95D}.Debug|Any CPU.ActiveCfg = Debug|Any CPU
		{D0F0462A-4381-464A-A1E6-53A933E2E95D}.Debug|Any CPU.Build.0 = Debug|Any CPU
		{D0F0462A-4381-464A-A1E6-53A933E2E95D}.Release|Any CPU.ActiveCfg = Release|Any CPU
		{D0F0462A-4381-464A-A1E6-53A933E2E95D}.Release|Any CPU.Build.0 = Release|Any CPU
	EndGlobalSection
	GlobalSection(SolutionProperties) = preSolution
		HideSolutionNode = FALSE
	EndGlobalSection
	GlobalSection(ExtensibilityGlobals) = postSolution
		SolutionGuid = {53CBF7E8-EFBE-47C3-A28C-EE1B81F64941}
	EndGlobalSection
EndGlobal
